
Microsoft Visual Studio Solution File, Format Version 12.00
# Visual Studio Version 16
VisualStudioVersion = 16.0.29215.179
MinimumVisualStudioVersion = 10.0.40219.1
Project("{FAE04EC0-301F-11D3-BF4B-00C04F79EFBC}") = "MoeIDE", "MoeIDE\MoeIDE.csproj", "{BD08BC79-86F7-4EDB-B36E-97B992F65FFA}"
EndProject
Global
	GlobalSection(SolutionConfigurationPlatforms) = preSolution
		Debug|Any CPU = Debug|Any CPU
		Release|Any CPU = Release|Any CPU
	EndGlobalSection
	GlobalSection(ProjectConfigurationPlatforms) = postSolution
		{BD08BC79-86F7-4EDB-B36E-97B992F65FFA}.Debug|Any CPU.ActiveCfg = Debug|Any CPU
		{BD08BC79-86F7-4EDB-B36E-97B992F65FFA}.Debug|Any CPU.Build.0 = Debug|Any CPU
		{BD08BC79-86F7-4EDB-B36E-97B992F65FFA}.Release|Any CPU.ActiveCfg = Release|Any CPU
		{BD08BC79-86F7-4EDB-B36E-97B992F65FFA}.Release|Any CPU.Build.0 = Release|Any CPU
	EndGlobalSection
	GlobalSection(SolutionProperties) = preSolution
		HideSolutionNode = FALSE
	EndGlobalSection
	GlobalSection(ExtensibilityGlobals) = postSolution
		SolutionGuid = {B2C3BF39-AA4F-469E-A9F4-551099C6E557}
	EndGlobalSection
EndGlobal
